dependencies:
- name: prometheus
  repository: https://prometheus-community.github.io/helm-charts
  version: 25.30.2
- name: grafana
  repository: https://grafana.github.io/helm-charts
  version: 8.5.1
- name: loki
  repository: https://grafana.github.io/helm-charts
  version: 6.6.0
- name: alloy
  repository: https://grafana.github.io/helm-charts
  version: 1.11.1
digest: sha256:444eb8a5203908c94481b33342acb4b632e797ea500338b7ca4b1391b8aa62ef
generated: "2026-08-15T13:20:53.6836015+04:30"
