dependencies:
- name: prometheus
  repository: https://prometheus-community.github.io/helm-charts
  version: 25.30.2
- name: grafana
  repository: https://grafana.github.io/helm-charts
  version: 8.5.1
- name: loki
  repository: https://grafana.github.io/helm-charts
  version: 6.6.0
- name: alloy
  repository: https://grafana.github.io/helm-charts
  version: 0.2.0
digest: sha256:108bbb6ac4cf606ad79d216a72e8446c09096643ed13f047cdeb22ea72d70329
generated: "2026-08-14T21:53:02.5377603+04:30"
