dependencies:
- name: prometheus
  repository: https://prometheus-community.github.io/helm-charts
  version: 25.30.2
- name: grafana
  repository: https://grafana.github.io/helm-charts
  version: 8.5.1
- name: loki
  repository: https://grafana.github.io/helm-charts
  version: 6.6.0
- name: alloy
  repository: https://grafana.github.io/helm-charts
  version: 1.11.1
- name: tempo
  repository: https://grafana.github.io/helm-charts
  version: 1.10.1
digest: sha256:1fba9230172ce2c193f824f90fc148bdd8da05571455490eb8e2d764a17ed382
generated: "2026-08-17T13:43:47.707365+04:30"
